
Microsoft Visual Studio Solution File, Format Version 12.00
# Visual Studio Version 17
VisualStudioVersion = 17.7.34009.444
MinimumVisualStudioVersion = 10.0.40219.1
Project("{FAE04EC0-301F-11D3-BF4B-00C04F79EFBC}") = "TestBaiTapLon", "TestBaiTapLon.csproj", "{32C421AD-F7B2-45F0-8A55-2E74A19C2FD0}"
EndProject
Global
	GlobalSection(SolutionConfigurationPlatforms) = preSolution
		Debug|Any CPU = Debug|Any CPU
		Release|Any CPU = Release|Any CPU
	EndGlobalSection
	GlobalSection(ProjectConfigurationPlatforms) = postSolution
		{32C421AD-F7B2-45F0-8A55-2E74A19C2FD0}.Debug|Any CPU.ActiveCfg = Debug|Any CPU
		{32C421AD-F7B2-45F0-8A55-2E74A19C2FD0}.Debug|Any CPU.Build.0 = Debug|Any CPU
		{32C421AD-F7B2-45F0-8A55-2E74A19C2FD0}.Release|Any CPU.ActiveCfg = Release|Any CPU
		{32C421AD-F7B2-45F0-8A55-2E74A19C2FD0}.Release|Any CPU.Build.0 = Release|Any CPU
	EndGlobalSection
	GlobalSection(SolutionProperties) = preSolution
		HideSolutionNode = FALSE
	EndGlobalSection
	GlobalSection(ExtensibilityGlobals) = postSolution
		SolutionGuid = {1C29F0EC-2B58-46A3-B2BC-48C56F94F0C0}
	EndGlobalSection
EndGlobal
